
Microsoft Visual Studio Solution File, Format Version 12.00
# Visual Studio Version 16
VisualStudioVersion = 16.0.31727.386
MinimumVisualStudioVersion = 10.0.40219.1
Project("{9A19103F-16F7-4668-BE54-9A1E7A4F7556}") = "LW4Q29_HFT_2021221", "LW4Q29_HFT_2021221\LW4Q29_HFT_2021221.csproj", "{4660965F-1F2F-45EA-9635-E284DBE47328}"
EndProject
Project("{9A19103F-16F7-4668-BE54-9A1E7A4F7556}") = "LW4Q29_HFT_2021221.Client", "LW4Q29_HFT_2021221.Client\LW4Q29_HFT_2021221.Client.csproj", "{9D20B6B7-5D52-41B5-B63B-A30B14386E3D}"
EndProject
Project("{9A19103F-16F7-4668-BE54-9A1E7A4F7556}") = "LW4Q29_HFT_2021221.Models", "LW4Q29_HFT_2021221.Models\LW4Q29_HFT_2021221.Models.csproj", "{B6BCE870-A69F-43D0-9A29-699612B57AD3}"
EndProject
Project("{9A19103F-16F7-4668-BE54-9A1E7A4F7556}") = "LW4Q29_HFT_2021221.Data", "LW4Q29_HFT_2021221.Data\LW4Q29_HFT_2021221.Data.csproj", "{D3C72C9F-F910-4B28-ACF3-301258354795}"
EndProject
Project("{9A19103F-16F7-4668-BE54-9A1E7A4F7556}") = "LW4Q29_HFT_2021221.Logic", "LW4Q29_HFT_2021221.Logic\LW4Q29_HFT_2021221.Logic.csproj", "{200EBDC8-F960-4E0B-A12B-DFA3EFF5212D}"
EndProject
Project("{9A19103F-16F7-4668-BE54-9A1E7A4F7556}") = "LW4Q29_HFT_2021221.Repository", "LW4Q29_HFT_2021221.Repository\LW4Q29_HFT_2021221.Repository.csproj", "{C4DD4546-B3FE-407E-8326-03B4D0654A31}"
EndProject
Project("{9A19103F-16F7-4668-BE54-9A1E7A4F7556}") = "LW4Q29_HFT_2021221.Endpoint", "LW4Q29_HFT_2021221.Endpoint\LW4Q29_HFT_2021221.Endpoint.csproj", "{7D7D8A08-DFD7-48E1-838E-9517BCBA8601}"
EndProject
Project("{9A19103F-16F7-4668-BE54-9A1E7A4F7556}") = "LW4Q29_HFT_2021221.Test", "LW4Q29_HFT_2021221.Test\LW4Q29_HFT_2021221.Test.csproj", "{C6804F41-0D60-48E2-A121-8ABEABBB1A23}"
EndProject
Project("{2150E333-8FDC-42A3-9474-1A3956D46DE8}") = "Backend", "Backend", "{37B523CA-183F-4AC0-A00A-D059F0EE248B}"
EndProject
Project("{2150E333-8FDC-42A3-9474-1A3956D46DE8}") = "Frontend", "Frontend", "{ECF717EF-C0E2-4FE2-84AE-DB71524A84E4}"
EndProject
Project("{2150E333-8FDC-42A3-9474-1A3956D46DE8}") = "Shared", "Shared", "{4569CAE1-ADC5-4518-8FEF-6F365F0A7D76}"
EndProject
Project("{2150E333-8FDC-42A3-9474-1A3956D46DE8}") = "Others", "Others", "{0DBB1609-C8A5-4506-BBF0-93E96E8F23AF}"
	ProjectSection(SolutionItems) = preProject
		.gitignore = .gitignore
	EndProjectSection
EndProject
Project("{FAE04EC0-301F-11D3-BF4B-00C04F79EFBC}") = "LogicTest", "LogicTest\LogicTest.csproj", "{097222D4-0B38-4F49-94E4-23CB3DCB7352}"
EndProject
Global
	GlobalSection(SolutionConfigurationPlatforms) = preSolution
		Debug|Any CPU = Debug|Any CPU
		Release|Any CPU = Release|Any CPU
	EndGlobalSection
	GlobalSection(ProjectConfigurationPlatforms) = postSolution
		{4660965F-1F2F-45EA-9635-E284DBE47328}.Debug|Any CPU.ActiveCfg = Debug|Any CPU
		{4660965F-1F2F-45EA-9635-E284DBE47328}.Debug|Any CPU.Build.0 = Debug|Any CPU
		{4660965F-1F2F-45EA-9635-E284DBE47328}.Release|Any CPU.ActiveCfg = Release|Any CPU
		{4660965F-1F2F-45EA-9635-E284DBE47328}.Release|Any CPU.Build.0 = Release|Any CPU
		{9D20B6B7-5D52-41B5-B63B-A30B14386E3D}.Debug|Any CPU.ActiveCfg = Debug|Any CPU
		{9D20B6B7-5D52-41B5-B63B-A30B14386E3D}.Debug|Any CPU.Build.0 = Debug|Any CPU
		{9D20B6B7-5D52-41B5-B63B-A30B14386E3D}.Release|Any CPU.ActiveCfg = Release|Any CPU
		{9D20B6B7-5D52-41B5-B63B-A30B14386E3D}.Release|Any CPU.Build.0 = Release|Any CPU
		{B6BCE870-A69F-43D0-9A29-699612B57AD3}.Debug|Any CPU.ActiveCfg = Debug|Any CPU
		{B6BCE870-A69F-43D0-9A29-699612B57AD3}.Debug|Any CPU.Build.0 = Debug|Any CPU
		{B6BCE870-A69F-43D0-9A29-699612B57AD3}.Release|Any CPU.ActiveCfg = Release|Any CPU
		{B6BCE870-A69F-43D0-9A29-699612B57AD3}.Release|Any CPU.Build.0 = Release|Any CPU
		{D3C72C9F-F910-4B28-ACF3-301258354795}.Debug|Any CPU.ActiveCfg = Debug|Any CPU
		{D3C72C9F-F910-4B28-ACF3-301258354795}.Debug|Any CPU.Build.0 = Debug|Any CPU
		{D3C72C9F-F910-4B28-ACF3-301258354795}.Release|Any CPU.ActiveCfg = Release|Any CPU
		{D3C72C9F-F910-4B28-ACF3-301258354795}.Release|Any CPU.Build.0 = Release|Any CPU
		{200EBDC8-F960-4E0B-A12B-DFA3EFF5212D}.Debug|Any CPU.ActiveCfg = Debug|Any CPU
		{200EBDC8-F960-4E0B-A12B-DFA3EFF5212D}.Debug|Any CPU.Build.0 = Debug|Any CPU
		{200EBDC8-F960-4E0B-A12B-DFA3EFF5212D}.Release|Any CPU.ActiveCfg = Release|Any CPU
		{200EBDC8-F960-4E0B-A12B-DFA3EFF5212D}.Release|Any CPU.Build.0 = Release|Any CPU
		{C4DD4546-B3FE-407E-8326-03B4D0654A31}.Debug|Any CPU.ActiveCfg = Debug|Any CPU
		{C4DD4546-B3FE-407E-8326-03B4D0654A31}.Debug|Any CPU.Build.0 = Debug|Any CPU
		{C4DD4546-B3FE-407E-8326-03B4D0654A31}.Release|Any CPU.ActiveCfg = Release|Any CPU
		{C4DD4546-B3FE-407E-8326-03B4D0654A31}.Release|Any CPU.Build.0 = Release|Any CPU
		{7D7D8A08-DFD7-48E1-838E-9517BCBA8601}.Debug|Any CPU.ActiveCfg = Debug|Any CPU
		{7D7D8A08-DFD7-48E1-838E-9517BCBA8601}.Debug|Any CPU.Build.0 = Debug|Any CPU
		{7D7D8A08-DFD7-48E1-838E-9517BCBA8601}.Release|Any CPU.ActiveCfg = Release|Any CPU
		{7D7D8A08-DFD7-48E1-838E-9517BCBA8601}.Release|Any CPU.Build.0 = Release|Any CPU
		{C6804F41-0D60-48E2-A121-8ABEABBB1A23}.Debug|Any CPU.ActiveCfg = Debug|Any CPU
		{C6804F41-0D60-48E2-A121-8ABEABBB1A23}.Debug|Any CPU.Build.0 = Debug|Any CPU
		{C6804F41-0D60-48E2-A121-8ABEABBB1A23}.Release|Any CPU.ActiveCfg = Release|Any CPU
		{C6804F41-0D60-48E2-A121-8ABEABBB1A23}.Release|Any CPU.Build.0 = Release|Any CPU
		{097222D4-0B38-4F49-94E4-23CB3DCB7352}.Debug|Any CPU.ActiveCfg = Debug|Any CPU
		{097222D4-0B38-4F49-94E4-23CB3DCB7352}.Debug|Any CPU.Build.0 = Debug|Any CPU
		{097222D4-0B38-4F49-94E4-23CB3DCB7352}.Release|Any CPU.ActiveCfg = Release|Any CPU
		{097222D4-0B38-4F49-94E4-23CB3DCB7352}.Release|Any CPU.Build.0 = Release|Any CPU
	EndGlobalSection
	GlobalSection(SolutionProperties) = preSolution
		HideSolutionNode = FALSE
	EndGlobalSection
	GlobalSection(NestedProjects) = preSolution
		{9D20B6B7-5D52-41B5-B63B-A30B14386E3D} = {ECF717EF-C0E2-4FE2-84AE-DB71524A84E4}
		{B6BCE870-A69F-43D0-9A29-699612B57AD3} = {4569CAE1-ADC5-4518-8FEF-6F365F0A7D76}
		{D3C72C9F-F910-4B28-ACF3-301258354795} = {37B523CA-183F-4AC0-A00A-D059F0EE248B}
		{200EBDC8-F960-4E0B-A12B-DFA3EFF5212D} = {37B523CA-183F-4AC0-A00A-D059F0EE248B}
		{C4DD4546-B3FE-407E-8326-03B4D0654A31} = {37B523CA-183F-4AC0-A00A-D059F0EE248B}
		{7D7D8A08-DFD7-48E1-838E-9517BCBA8601} = {37B523CA-183F-4AC0-A00A-D059F0EE248B}
		{C6804F41-0D60-48E2-A121-8ABEABBB1A23} = {37B523CA-183F-4AC0-A00A-D059F0EE248B}
	EndGlobalSection
	GlobalSection(ExtensibilityGlobals) = postSolution
		SolutionGuid = {A4ACE043-0800-46D8-B4DC-7C1C3C9E9449}
	EndGlobalSection
EndGlobal
